
Microsoft Visual Studio Solution File, Format Version 12.00
# Visual Studio 15
VisualStudioVersion = 15.0.26403.7
MinimumVisualStudioVersion = 10.0.40219.1
Project("{FAE04EC0-301F-11D3-BF4B-00C04F79EFBC}") = "MITCaptcha", "MITCaptcha\MITCaptcha.csproj", "{B1D86890-1836-45A1-BAF5-21405B3AF807}"
EndProject
Project("{FAE04EC0-301F-11D3-BF4B-00C04F79EFBC}") = "MITCaptcha.Tests", "MITCaptcha.Tests\MITCaptcha.Tests.csproj", "{563AB8A5-FBAF-418A-A72F-36C5CBA95EB8}"
EndProject
Global
	GlobalSection(SolutionConfigurationPlatforms) = preSolution
		Debug|Any CPU = Debug|Any CPU
		Release|Any CPU = Release|Any CPU
	EndGlobalSection
	GlobalSection(ProjectConfigurationPlatforms) = postSolution
		{B1D86890-1836-45A1-BAF5-21405B3AF807}.Debug|Any CPU.ActiveCfg = Debug|Any CPU
		{B1D86890-1836-45A1-BAF5-21405B3AF807}.Debug|Any CPU.Build.0 = Debug|Any CPU
		{B1D86890-1836-45A1-BAF5-21405B3AF807}.Release|Any CPU.ActiveCfg = Release|Any CPU
		{B1D86890-1836-45A1-BAF5-21405B3AF807}.Release|Any CPU.Build.0 = Release|Any CPU
		{563AB8A5-FBAF-418A-A72F-36C5CBA95EB8}.Debug|Any CPU.ActiveCfg = Debug|Any CPU
		{563AB8A5-FBAF-418A-A72F-36C5CBA95EB8}.Debug|Any CPU.Build.0 = Debug|Any CPU
		{563AB8A5-FBAF-418A-A72F-36C5CBA95EB8}.Release|Any CPU.ActiveCfg = Release|Any CPU
		{563AB8A5-FBAF-418A-A72F-36C5CBA95EB8}.Release|Any CPU.Build.0 = Release|Any CPU
	EndGlobalSection
	GlobalSection(SolutionProperties) = preSolution
		HideSolutionNode = FALSE
	EndGlobalSection
EndGlobal
